{
  "requires": true,
  "lockfileVersion": 1,
  "dependencies": {
    "axios": {
      "version": "0.21.1",
      "resolved": "https://registry.npmjs.org/axios/-/axios-0.21.1.tgz",
      "integrity": "sha512-dKQiRHxGD9PPRIUNIWvZhPTPpl1rf/OxTYKsqKUDjBwYylTvV7SjSHJb9ratfyzM6wCdLCOYLzs73qpg5c4iGA==",
      "dev": true,
      "requires": {
        "follow-redirects": "^1.10.0"
      }
    },
    "buefy": {
      "version": "1.0.0",
      "resolved": "https://registry.npmjs.org/buefy/-/buefy-1.0.0.tgz",
      "integrity": "sha1-SvdyEr3/eE19wV1SrcocPgtTO8I="
    },
    "bulma": {
      "version": "0.6.1",
      "resolved": "https://registry.npmjs.org/bulma/-/bulma-0.6.1.tgz",
      "integrity": "sha1-XyGnfAwG99gAUcBmKMI1Fggb1kk="
    },
    "cross-env": {
      "version": "5.1.1",
      "resolved": "https://registry.npmjs.org/cross-env/-/cross-env-5.1.1.tgz",
      "integrity": "sha512-Wtvr+z0Z06KO1JxjfRRsPC+df7biIOiuV4iZ73cThjFGkH+ULBZq1MkBdywEcJC4cTDbO6c8IjgRjfswx3YTBA==",
      "dev": true
    },
    "follow-redirects": {
      "version": "1.13.1",
      "resolved": "https://registry.npmjs.org/follow-redirects/-/follow-redirects-1.13.1.tgz",
      "integrity": "sha512-SSG5xmZh1mkPGyKzjZP8zLjltIfpW32Y5QpdNJyjcfGxK3qo3NDDkZOZSFiGn1A6SclQxY9GzEwAHQ3dmYRWpg==",
      "dev": true
    },
    "font-awesome": {
      "version": "4.7.0",
      "resolved": "https://registry.npmjs.org/font-awesome/-/font-awesome-4.7.0.tgz",
      "integrity": "sha1-j6jPBBGhoxr9B7BtKQK7n8gVoTM="
    },
    "jquery": {
      "version": "3.4.0",
      "resolved": "https://registry.npmjs.org/jquery/-/jquery-3.4.0.tgz",
      "integrity": "sha512-ggRCXln9zEqv6OqAGXFEcshF5dSBvCkzj6Gm2gzuR5fWawaX8t7cxKVkkygKODrDAzKdoYw3l/e3pm3vlT4IbQ==",
      "dev": true
    },
    "laravel-mix": {
      "version": "1.6.1",
      "resolved": "https://registry.npmjs.org/laravel-mix/-/laravel-mix-1.6.1.tgz",
      "integrity": "sha512-2OLqhqfpej91v1VfkCKWbMnAimF1SH8NE5q3VhsZV2YvOs9uB5UIPw4ryHIQ0mNZcMVfiplWDglhzv/PikU5Vg==",
      "dev": true,
      "dependencies": {
        "commander": {
          "version": "2.11.0",
          "resolved": "https://registry.npmjs.org/commander/-/commander-2.11.0.tgz",
          "integrity": "sha512-b0553uYA5YAEGgyYIGYROzKQ7X5RAqedkfjiZxwi0kL1g3bOaBNNZfYkzt/CL0umgD5wc9Jec2FbB98CjkMRvQ=="
        },
        "enhanced-resolve": {
          "version": "3.4.1",
          "resolved": "https://registry.npmjs.org/enhanced-resolve/-/enhanced-resolve-3.4.1.tgz",
          "integrity": "sha1-BCHjOf1xQZs9oT0Smzl5BAIwR24="
        },
        "resolve": {
          "version": "1.5.0",
          "resolved": "https://registry.npmjs.org/resolve/-/resolve-1.5.0.tgz",
          "integrity": "sha512-hgoSGrc3pjzAPHNBg+KnFcK2HwlHTs/YrAGUr6qgTVUZmXv1UEXXl0bZNBKMA9fud6lRYFdPGz0xXxycPzmmiw=="
        },
        "uglify-es": {
          "version": "3.1.8",
          "resolved": "https://registry.npmjs.org/uglify-es/-/uglify-es-3.1.8.tgz",
          "integrity": "sha512-z+rniTaxBFZngGxc93XAFwExhkWBtT2JlBVQDJ25D8pQD2Dlqf5sJg8ZhXMzK5xyu+hbUhuw52nUZD3+qqRmkQ==",
          "dependencies": {
            "source-map": {
              "version": "0.6.1",
              "resolved": "https://registry.npmjs.org/source-map/-/source-map-0.6.1.tgz",
              "integrity": "sha512-UjgapumWlbMhkBgzT7Ykc5YXUT46F0iKu8SGXq0bcwP5dz/h0Plj6enJqjz1Zbq2l5WaqYnrVbwWOWMyF3F47g=="
            }
          }
        },
        "uglifyjs-webpack-plugin": {
          "version": "1.0.1",
          "resolved": "https://registry.npmjs.org/uglifyjs-webpack-plugin/-/uglifyjs-webpack-plugin-1.0.1.tgz",
          "integrity": "sha512-3IJhab8Xq7s6XqoPiVFuDpijefJsIrzACT4ggDErSxJAsB9GLDyuWpN7vuX4Lslu/nzIRz2NyXNX/fRMOgqRFw=="
        },
        "vue-hot-reload-api": {
          "version": "2.2.0",
          "resolved": "https://registry.npmjs.org/vue-hot-reload-api/-/vue-hot-reload-api-2.2.0.tgz",
          "integrity": "sha512-Hn0jdFiNfNx4+Nxz1vokYUsP3mwpn9r/XomLrXA+KafYaiR7LNQG1fxtpVklD4KxD5GluXRiSoWNDf0H9BdsJw=="
        },
        "vue-loader": {
          "version": "13.4.0",
          "resolved": "https://registry.npmjs.org/vue-loader/-/vue-loader-13.4.0.tgz",
          "integrity": "sha512-OUKNRA1Y8Z5qxtc0u1E5p0t61Rp4fPlQj2Un7rHRVZzqtWwum4MNUJ3L6ci3wGhlr5P8wvSOeOOmYn3wgsudgg==",
          "dependencies": {
            "source-map": {
              "version": "0.6.1",
              "resolved": "https://registry.npmjs.org/source-map/-/source-map-0.6.1.tgz",
              "integrity": "sha512-UjgapumWlbMhkBgzT7Ykc5YXUT46F0iKu8SGXq0bcwP5dz/h0Plj6enJqjz1Zbq2l5WaqYnrVbwWOWMyF3F47g=="
            }
          }
        },
        "vue-template-es2015-compiler": {
          "version": "1.6.0",
          "resolved": "https://registry.npmjs.org/vue-template-es2015-compiler/-/vue-template-es2015-compiler-1.6.0.tgz",
          "integrity": "sha512-x3LV3wdmmERhVCYy3quqA57NJW7F3i6faas++pJQWtknWT+n7k30F4TVdHvCLn48peTJFRvCpxs3UuFPqgeELg=="
        },
        "webpack": {
          "version": "3.8.1",
          "resolved": "https://registry.npmjs.org/webpack/-/webpack-3.8.1.tgz",
          "integrity": "sha512-5ZXLWWsMqHKFr5y0N3Eo5IIisxeEeRAajNq4mELb/WELOR7srdbQk2N5XiyNy2A/AgvlR3AmeBCZJW8lHrolbw==",
          "dependencies": {
            "uglifyjs-webpack-plugin": {
              "version": "0.4.6",
              "resolved": "https://registry.npmjs.org/uglifyjs-webpack-plugin/-/uglifyjs-webpack-plugin-0.4.6.tgz",
              "integrity": "sha1-uVH0q7a9YX5m9j64kUmOORdj4wk="
            }
          }
        }
      }
    },
    "lodash": {
      "version": "4.17.13",
      "resolved": "https://registry.npmjs.org/lodash/-/lodash-4.17.13.tgz",
      "integrity": "sha512-vm3/XWXfWtRua0FkUyEHBZy8kCPjErNBT9fJx8Zvs+U6zjqPbTUOpkaoum3O5uiA8sm+yNMHXfYkTUHFoMxFNA==",
      "dev": true
    },
    "vue": {
      "version": "2.6.10",
      "resolved": "https://registry.npmjs.org/vue/-/vue-2.6.10.tgz",
      "integrity": "sha512-ImThpeNU9HbdZL3utgMCq0oiMzAkt1mcgy3/E6zWC/G6AaQoeuFdsl9nDhTDU3X1R6FK7nsIUuRACVcjI+A2GQ==",
      "dev": true
    }
  }
}
